
Microsoft Visual Studio Solution File, Format Version 12.00
# Visual Studio Version 17
VisualStudioVersion = 17.0.31919.166
MinimumVisualStudioVersion = 10.0.40219.1
Project("{FAE04EC0-301F-11D3-BF4B-00C04F79EFBC}") = "WebAppCoches", "WebAppCoches\WebAppCoches.csproj", "{05B089B4-C1BF-42E9-B917-B3BCB4F1E94A}"
EndProject
Global
	GlobalSection(SolutionConfigurationPlatforms) = preSolution
		Debug|Any CPU = Debug|Any CPU
		Release|Any CPU = Release|Any CPU
	EndGlobalSection
	GlobalSection(ProjectConfigurationPlatforms) = postSolution
		{05B089B4-C1BF-42E9-B917-B3BCB4F1E94A}.Debug|Any CPU.ActiveCfg = Debug|Any CPU
		{05B089B4-C1BF-42E9-B917-B3BCB4F1E94A}.Debug|Any CPU.Build.0 = Debug|Any CPU
		{05B089B4-C1BF-42E9-B917-B3BCB4F1E94A}.Release|Any CPU.ActiveCfg = Release|Any CPU
		{05B089B4-C1BF-42E9-B917-B3BCB4F1E94A}.Release|Any CPU.Build.0 = Release|Any CPU
	EndGlobalSection
	GlobalSection(SolutionProperties) = preSolution
		HideSolutionNode = FALSE
	EndGlobalSection
	GlobalSection(ExtensibilityGlobals) = postSolution
		SolutionGuid = {BB9EDBAC-EDC4-488F-A6DE-57F0EBBF716B}
	EndGlobalSection
EndGlobal
